
Microsoft Visual Studio Solution File, Format Version 12.00
# Visual Studio 14
VisualStudioVersion = 14.0.24720.0
MinimumVisualStudioVersion = 10.0.40219.1
Project("{FAE04EC0-301F-11D3-BF4B-00C04F79EFBC}") = "Haberler", "Haberler\Haberler.csproj", "{706B4247-96C8-4F84-B6DD-CBA0F0B003CC}"
EndProject
Project("{2150E333-8FDC-42A3-9474-1A3956D46DE8}") = "Open Source", "Open Source", "{6B2DF54F-0088-465C-958A-3F7B4013761E}"
EndProject
Project("{FAE04EC0-301F-11D3-BF4B-00C04F79EFBC}") = "ReadSharp", "..\Open Source\ReadSharp-master\ReadSharp\ReadSharp.csproj", "{06219CAD-E85E-48E2-A216-2539805A9EE8}"
EndProject
Project("{FAE04EC0-301F-11D3-BF4B-00C04F79EFBC}") = "NReadability", "..\Open Source\ReadSharp-master\PortablePorts\NReadability\NReadability.csproj", "{14C3EE6A-54A4-4A37-8B56-D52A3802F1C2}"
EndProject
Project("{2150E333-8FDC-42A3-9474-1A3956D46DE8}") = "Library10", "Library10", "{EB7608BE-93D5-45D4-B6E7-89CB585E93C1}"
EndProject
Project("{FAE04EC0-301F-11D3-BF4B-00C04F79EFBC}") = "Library10.Core", "..\Library10\Library10.Core\Library10.Core.csproj", "{29ACD866-A6F0-4080-9557-1F39A889C4F4}"
EndProject
Project("{FAE04EC0-301F-11D3-BF4B-00C04F79EFBC}") = "Haberler.Common", "Haberler.Common\Haberler.Common.csproj", "{04257676-0CB5-4BFF-8F0A-8FDC0B52E83E}"
EndProject
Project("{FAE04EC0-301F-11D3-BF4B-00C04F79EFBC}") = "Haberler.BackgroundTasks", "Haberler.BackgroundTasks\Haberler.BackgroundTasks.csproj", "{C7929A63-6BE3-4204-B6EE-9E6F5F9869F4}"
EndProject
Project("{FAE04EC0-301F-11D3-BF4B-00C04F79EFBC}") = "Library10.Common", "..\Library10\Library10.Common\Library10.Common.csproj", "{AF963D93-8B93-4513-B2CA-100E424DDD24}"
EndProject
Project("{FAE04EC0-301F-11D3-BF4B-00C04F79EFBC}") = "Library10.Net", "..\Library10\Library10.Net\Library10.Net.csproj", "{14DD651E-CA01-4AD5-83EE-8BDD5ECED6D5}"
EndProject
Project("{FAE04EC0-301F-11D3-BF4B-00C04F79EFBC}") = "Library10.Encodings", "..\Library10\Library10.Encodings\Library10.Encodings.csproj", "{FF0D8B64-7637-4BE1-BC08-F293359134BA}"
EndProject
Project("{FAE04EC0-301F-11D3-BF4B-00C04F79EFBC}") = "HtmlAgilityPack-PCL", "..\Open Source\HtmlAgilityPack-PCL-master\HtmlAgilityPack-PCL\HtmlAgilityPack-PCL.csproj", "{BF2AF84D-61A5-49A3-9412-227BC3922268}"
EndProject
Project("{FAE04EC0-301F-11D3-BF4B-00C04F79EFBC}") = "Library10.Serializers", "..\Library10\Library10.Serializers\Library10.Serializers.csproj", "{FA153AF9-DF53-4BC0-A78D-4BF228BB869C}"
EndProject
Project("{FAE04EC0-301F-11D3-BF4B-00C04F79EFBC}") = "Haberler.SourceTool", "Haberler.SourceTool\Haberler.SourceTool.csproj", "{6EFD53A5-5A3C-488F-8FF5-684B36A55030}"
EndProject
Project("{FAE04EC0-301F-11D3-BF4B-00C04F79EFBC}") = "Haberler.Services", "Haberler.Services\Haberler.Services.csproj", "{C037E47C-ECBD-4559-97C8-6E577F2DE776}"
EndProject
Global
	GlobalSection(SolutionConfigurationPlatforms) = preSolution
		Debug|Any CPU = Debug|Any CPU
		Debug|ARM = Debug|ARM
		Debug|x64 = Debug|x64
		Debug|x86 = Debug|x86
		Release|Any CPU = Release|Any CPU
		Release|ARM = Release|ARM
		Release|x64 = Release|x64
		Release|x86 = Release|x86
	EndGlobalSection
	GlobalSection(ProjectConfigurationPlatforms) = postSolution
		{706B4247-96C8-4F84-B6DD-CBA0F0B003CC}.Debug|Any CPU.ActiveCfg = Debug|x86
		{706B4247-96C8-4F84-B6DD-CBA0F0B003CC}.Debug|Any CPU.Build.0 = Debug|x86
		{706B4247-96C8-4F84-B6DD-CBA0F0B003CC}.Debug|Any CPU.Deploy.0 = Debug|x86
		{706B4247-96C8-4F84-B6DD-CBA0F0B003CC}.Debug|ARM.ActiveCfg = Debug|ARM
		{706B4247-96C8-4F84-B6DD-CBA0F0B003CC}.Debug|ARM.Build.0 = Debug|ARM
		{706B4247-96C8-4F84-B6DD-CBA0F0B003CC}.Debug|ARM.Deploy.0 = Debug|ARM
		{706B4247-96C8-4F84-B6DD-CBA0F0B003CC}.Debug|x64.ActiveCfg = Debug|x64
		{706B4247-96C8-4F84-B6DD-CBA0F0B003CC}.Debug|x64.Build.0 = Debug|x64
		{706B4247-96C8-4F84-B6DD-CBA0F0B003CC}.Debug|x64.Deploy.0 = Debug|x64
		{706B4247-96C8-4F84-B6DD-CBA0F0B003CC}.Debug|x86.ActiveCfg = Debug|x86
		{706B4247-96C8-4F84-B6DD-CBA0F0B003CC}.Debug|x86.Build.0 = Debug|x86
		{706B4247-96C8-4F84-B6DD-CBA0F0B003CC}.Debug|x86.Deploy.0 = Debug|x86
		{706B4247-96C8-4F84-B6DD-CBA0F0B003CC}.Release|Any CPU.ActiveCfg = Release|x86
		{706B4247-96C8-4F84-B6DD-CBA0F0B003CC}.Release|ARM.ActiveCfg = Release|ARM
		{706B4247-96C8-4F84-B6DD-CBA0F0B003CC}.Release|ARM.Build.0 = Release|ARM
		{706B4247-96C8-4F84-B6DD-CBA0F0B003CC}.Release|ARM.Deploy.0 = Release|ARM
		{706B4247-96C8-4F84-B6DD-CBA0F0B003CC}.Release|x64.ActiveCfg = Release|x64
		{706B4247-96C8-4F84-B6DD-CBA0F0B003CC}.Release|x64.Build.0 = Release|x64
		{706B4247-96C8-4F84-B6DD-CBA0F0B003CC}.Release|x64.Deploy.0 = Release|x64
		{706B4247-96C8-4F84-B6DD-CBA0F0B003CC}.Release|x86.ActiveCfg = Release|x86
		{706B4247-96C8-4F84-B6DD-CBA0F0B003CC}.Release|x86.Build.0 = Release|x86
		{706B4247-96C8-4F84-B6DD-CBA0F0B003CC}.Release|x86.Deploy.0 = Release|x86
		{06219CAD-E85E-48E2-A216-2539805A9EE8}.Debug|Any CPU.ActiveCfg = Debug|Any CPU
		{06219CAD-E85E-48E2-A216-2539805A9EE8}.Debug|Any CPU.Build.0 = Debug|Any CPU
		{06219CAD-E85E-48E2-A216-2539805A9EE8}.Debug|Any CPU.Deploy.0 = Debug|Any CPU
		{06219CAD-E85E-48E2-A216-2539805A9EE8}.Debug|ARM.ActiveCfg = Debug|Any CPU
		{06219CAD-E85E-48E2-A216-2539805A9EE8}.Debug|ARM.Build.0 = Debug|Any CPU
		{06219CAD-E85E-48E2-A216-2539805A9EE8}.Debug|x64.ActiveCfg = Debug|Any CPU
		{06219CAD-E85E-48E2-A216-2539805A9EE8}.Debug|x64.Build.0 = Debug|Any CPU
		{06219CAD-E85E-48E2-A216-2539805A9EE8}.Debug|x86.ActiveCfg = Debug|Any CPU
		{06219CAD-E85E-48E2-A216-2539805A9EE8}.Debug|x86.Build.0 = Debug|Any CPU
		{06219CAD-E85E-48E2-A216-2539805A9EE8}.Release|Any CPU.ActiveCfg = Release|Any CPU
		{06219CAD-E85E-48E2-A216-2539805A9EE8}.Release|Any CPU.Build.0 = Release|Any CPU
		{06219CAD-E85E-48E2-A216-2539805A9EE8}.Release|ARM.ActiveCfg = Release|Any CPU
		{06219CAD-E85E-48E2-A216-2539805A9EE8}.Release|ARM.Build.0 = Release|Any CPU
		{06219CAD-E85E-48E2-A216-2539805A9EE8}.Release|x64.ActiveCfg = Release|Any CPU
		{06219CAD-E85E-48E2-A216-2539805A9EE8}.Release|x64.Build.0 = Release|Any CPU
		{06219CAD-E85E-48E2-A216-2539805A9EE8}.Release|x86.ActiveCfg = Release|Any CPU
		{06219CAD-E85E-48E2-A216-2539805A9EE8}.Release|x86.Build.0 = Release|Any CPU
		{14C3EE6A-54A4-4A37-8B56-D52A3802F1C2}.Debug|Any CPU.ActiveCfg = Debug|Any CPU
		{14C3EE6A-54A4-4A37-8B56-D52A3802F1C2}.Debug|Any CPU.Build.0 = Debug|Any CPU
		{14C3EE6A-54A4-4A37-8B56-D52A3802F1C2}.Debug|ARM.ActiveCfg = Debug|Any CPU
		{14C3EE6A-54A4-4A37-8B56-D52A3802F1C2}.Debug|ARM.Build.0 = Debug|Any CPU
		{14C3EE6A-54A4-4A37-8B56-D52A3802F1C2}.Debug|x64.ActiveCfg = Debug|Any CPU
		{14C3EE6A-54A4-4A37-8B56-D52A3802F1C2}.Debug|x64.Build.0 = Debug|Any CPU
		{14C3EE6A-54A4-4A37-8B56-D52A3802F1C2}.Debug|x86.ActiveCfg = Debug|Any CPU
		{14C3EE6A-54A4-4A37-8B56-D52A3802F1C2}.Debug|x86.Build.0 = Debug|Any CPU
		{14C3EE6A-54A4-4A37-8B56-D52A3802F1C2}.Release|Any CPU.ActiveCfg = Release|Any CPU
		{14C3EE6A-54A4-4A37-8B56-D52A3802F1C2}.Release|Any CPU.Build.0 = Release|Any CPU
		{14C3EE6A-54A4-4A37-8B56-D52A3802F1C2}.Release|ARM.ActiveCfg = Release|Any CPU
		{14C3EE6A-54A4-4A37-8B56-D52A3802F1C2}.Release|ARM.Build.0 = Release|Any CPU
		{14C3EE6A-54A4-4A37-8B56-D52A3802F1C2}.Release|x64.ActiveCfg = Release|Any CPU
		{14C3EE6A-54A4-4A37-8B56-D52A3802F1C2}.Release|x64.Build.0 = Release|Any CPU
		{14C3EE6A-54A4-4A37-8B56-D52A3802F1C2}.Release|x86.ActiveCfg = Release|Any CPU
		{14C3EE6A-54A4-4A37-8B56-D52A3802F1C2}.Release|x86.Build.0 = Release|Any CPU
		{29ACD866-A6F0-4080-9557-1F39A889C4F4}.Debug|Any CPU.ActiveCfg = Debug|Any CPU
		{29ACD866-A6F0-4080-9557-1F39A889C4F4}.Debug|Any CPU.Build.0 = Debug|Any CPU
		{29ACD866-A6F0-4080-9557-1F39A889C4F4}.Debug|ARM.ActiveCfg = Debug|ARM
		{29ACD866-A6F0-4080-9557-1F39A889C4F4}.Debug|ARM.Build.0 = Debug|ARM
		{29ACD866-A6F0-4080-9557-1F39A889C4F4}.Debug|x64.ActiveCfg = Debug|x64
		{29ACD866-A6F0-4080-9557-1F39A889C4F4}.Debug|x64.Build.0 = Debug|x64
		{29ACD866-A6F0-4080-9557-1F39A889C4F4}.Debug|x86.ActiveCfg = Debug|x86
		{29ACD866-A6F0-4080-9557-1F39A889C4F4}.Debug|x86.Build.0 = Debug|x86
		{29ACD866-A6F0-4080-9557-1F39A889C4F4}.Release|Any CPU.ActiveCfg = Release|Any CPU
		{29ACD866-A6F0-4080-9557-1F39A889C4F4}.Release|Any CPU.Build.0 = Release|Any CPU
		{29ACD866-A6F0-4080-9557-1F39A889C4F4}.Release|ARM.ActiveCfg = Release|ARM
		{29ACD866-A6F0-4080-9557-1F39A889C4F4}.Release|ARM.Build.0 = Release|ARM
		{29ACD866-A6F0-4080-9557-1F39A889C4F4}.Release|x64.ActiveCfg = Release|x64
		{29ACD866-A6F0-4080-9557-1F39A889C4F4}.Release|x64.Build.0 = Release|x64
		{29ACD866-A6F0-4080-9557-1F39A889C4F4}.Release|x86.ActiveCfg = Release|x86
		{29ACD866-A6F0-4080-9557-1F39A889C4F4}.Release|x86.Build.0 = Release|x86
		{04257676-0CB5-4BFF-8F0A-8FDC0B52E83E}.Debug|Any CPU.ActiveCfg = Debug|Any CPU
		{04257676-0CB5-4BFF-8F0A-8FDC0B52E83E}.Debug|Any CPU.Build.0 = Debug|Any CPU
		{04257676-0CB5-4BFF-8F0A-8FDC0B52E83E}.Debug|ARM.ActiveCfg = Debug|ARM
		{04257676-0CB5-4BFF-8F0A-8FDC0B52E83E}.Debug|ARM.Build.0 = Debug|ARM
		{04257676-0CB5-4BFF-8F0A-8FDC0B52E83E}.Debug|x64.ActiveCfg = Debug|x64
		{04257676-0CB5-4BFF-8F0A-8FDC0B52E83E}.Debug|x64.Build.0 = Debug|x64
		{04257676-0CB5-4BFF-8F0A-8FDC0B52E83E}.Debug|x86.ActiveCfg = Debug|x86
		{04257676-0CB5-4BFF-8F0A-8FDC0B52E83E}.Debug|x86.Build.0 = Debug|x86
		{04257676-0CB5-4BFF-8F0A-8FDC0B52E83E}.Release|Any CPU.ActiveCfg = Release|Any CPU
		{04257676-0CB5-4BFF-8F0A-8FDC0B52E83E}.Release|Any CPU.Build.0 = Release|Any CPU
		{04257676-0CB5-4BFF-8F0A-8FDC0B52E83E}.Release|ARM.ActiveCfg = Release|ARM
		{04257676-0CB5-4BFF-8F0A-8FDC0B52E83E}.Release|ARM.Build.0 = Release|ARM
		{04257676-0CB5-4BFF-8F0A-8FDC0B52E83E}.Release|x64.ActiveCfg = Release|x64
		{04257676-0CB5-4BFF-8F0A-8FDC0B52E83E}.Release|x64.Build.0 = Release|x64
		{04257676-0CB5-4BFF-8F0A-8FDC0B52E83E}.Release|x86.ActiveCfg = Release|x86
		{04257676-0CB5-4BFF-8F0A-8FDC0B52E83E}.Release|x86.Build.0 = Release|x86
		{C7929A63-6BE3-4204-B6EE-9E6F5F9869F4}.Debug|Any CPU.ActiveCfg = Debug|Any CPU
		{C7929A63-6BE3-4204-B6EE-9E6F5F9869F4}.Debug|Any CPU.Build.0 = Debug|Any CPU
		{C7929A63-6BE3-4204-B6EE-9E6F5F9869F4}.Debug|ARM.ActiveCfg = Debug|ARM
		{C7929A63-6BE3-4204-B6EE-9E6F5F9869F4}.Debug|ARM.Build.0 = Debug|ARM
		{C7929A63-6BE3-4204-B6EE-9E6F5F9869F4}.Debug|x64.ActiveCfg = Debug|x64
		{C7929A63-6BE3-4204-B6EE-9E6F5F9869F4}.Debug|x64.Build.0 = Debug|x64
		{C7929A63-6BE3-4204-B6EE-9E6F5F9869F4}.Debug|x86.ActiveCfg = Debug|x86
		{C7929A63-6BE3-4204-B6EE-9E6F5F9869F4}.Debug|x86.Build.0 = Debug|x86
		{C7929A63-6BE3-4204-B6EE-9E6F5F9869F4}.Release|Any CPU.ActiveCfg = Release|Any CPU
		{C7929A63-6BE3-4204-B6EE-9E6F5F9869F4}.Release|Any CPU.Build.0 = Release|Any CPU
		{C7929A63-6BE3-4204-B6EE-9E6F5F9869F4}.Release|ARM.ActiveCfg = Release|ARM
		{C7929A63-6BE3-4204-B6EE-9E6F5F9869F4}.Release|ARM.Build.0 = Release|ARM
		{C7929A63-6BE3-4204-B6EE-9E6F5F9869F4}.Release|x64.ActiveCfg = Release|x64
		{C7929A63-6BE3-4204-B6EE-9E6F5F9869F4}.Release|x64.Build.0 = Release|x64
		{C7929A63-6BE3-4204-B6EE-9E6F5F9869F4}.Release|x86.ActiveCfg = Release|x86
		{C7929A63-6BE3-4204-B6EE-9E6F5F9869F4}.Release|x86.Build.0 = Release|x86
		{AF963D93-8B93-4513-B2CA-100E424DDD24}.Debug|Any CPU.ActiveCfg = Debug|Any CPU
		{AF963D93-8B93-4513-B2CA-100E424DDD24}.Debug|Any CPU.Build.0 = Debug|Any CPU
		{AF963D93-8B93-4513-B2CA-100E424DDD24}.Debug|ARM.ActiveCfg = Debug|Any CPU
		{AF963D93-8B93-4513-B2CA-100E424DDD24}.Debug|ARM.Build.0 = Debug|Any CPU
		{AF963D93-8B93-4513-B2CA-100E424DDD24}.Debug|x64.ActiveCfg = Debug|Any CPU
		{AF963D93-8B93-4513-B2CA-100E424DDD24}.Debug|x64.Build.0 = Debug|Any CPU
		{AF963D93-8B93-4513-B2CA-100E424DDD24}.Debug|x86.ActiveCfg = Debug|Any CPU
		{AF963D93-8B93-4513-B2CA-100E424DDD24}.Debug|x86.Build.0 = Debug|Any CPU
		{AF963D93-8B93-4513-B2CA-100E424DDD24}.Release|Any CPU.ActiveCfg = Release|Any CPU
		{AF963D93-8B93-4513-B2CA-100E424DDD24}.Release|Any CPU.Build.0 = Release|Any CPU
		{AF963D93-8B93-4513-B2CA-100E424DDD24}.Release|ARM.ActiveCfg = Release|Any CPU
		{AF963D93-8B93-4513-B2CA-100E424DDD24}.Release|ARM.Build.0 = Release|Any CPU
		{AF963D93-8B93-4513-B2CA-100E424DDD24}.Release|x64.ActiveCfg = Release|Any CPU
		{AF963D93-8B93-4513-B2CA-100E424DDD24}.Release|x64.Build.0 = Release|Any CPU
		{AF963D93-8B93-4513-B2CA-100E424DDD24}.Release|x86.ActiveCfg = Release|Any CPU
		{AF963D93-8B93-4513-B2CA-100E424DDD24}.Release|x86.Build.0 = Release|Any CPU
		{14DD651E-CA01-4AD5-83EE-8BDD5ECED6D5}.Debug|Any CPU.ActiveCfg = Debug|Any CPU
		{14DD651E-CA01-4AD5-83EE-8BDD5ECED6D5}.Debug|Any CPU.Build.0 = Debug|Any CPU
		{14DD651E-CA01-4AD5-83EE-8BDD5ECED6D5}.Debug|ARM.ActiveCfg = Debug|Any CPU
		{14DD651E-CA01-4AD5-83EE-8BDD5ECED6D5}.Debug|ARM.Build.0 = Debug|Any CPU
		{14DD651E-CA01-4AD5-83EE-8BDD5ECED6D5}.Debug|x64.ActiveCfg = Debug|Any CPU
		{14DD651E-CA01-4AD5-83EE-8BDD5ECED6D5}.Debug|x64.Build.0 = Debug|Any CPU
		{14DD651E-CA01-4AD5-83EE-8BDD5ECED6D5}.Debug|x86.ActiveCfg = Debug|Any CPU
		{14DD651E-CA01-4AD5-83EE-8BDD5ECED6D5}.Debug|x86.Build.0 = Debug|Any CPU
		{14DD651E-CA01-4AD5-83EE-8BDD5ECED6D5}.Release|Any CPU.ActiveCfg = Release|Any CPU
		{14DD651E-CA01-4AD5-83EE-8BDD5ECED6D5}.Release|Any CPU.Build.0 = Release|Any CPU
		{14DD651E-CA01-4AD5-83EE-8BDD5ECED6D5}.Release|ARM.ActiveCfg = Release|Any CPU
		{14DD651E-CA01-4AD5-83EE-8BDD5ECED6D5}.Release|ARM.Build.0 = Release|Any CPU
		{14DD651E-CA01-4AD5-83EE-8BDD5ECED6D5}.Release|x64.ActiveCfg = Release|Any CPU
		{14DD651E-CA01-4AD5-83EE-8BDD5ECED6D5}.Release|x64.Build.0 = Release|Any CPU
		{14DD651E-CA01-4AD5-83EE-8BDD5ECED6D5}.Release|x86.ActiveCfg = Release|Any CPU
		{14DD651E-CA01-4AD5-83EE-8BDD5ECED6D5}.Release|x86.Build.0 = Release|Any CPU
		{FF0D8B64-7637-4BE1-BC08-F293359134BA}.Debug|Any CPU.ActiveCfg = Debug|Any CPU
		{FF0D8B64-7637-4BE1-BC08-F293359134BA}.Debug|Any CPU.Build.0 = Debug|Any CPU
		{FF0D8B64-7637-4BE1-BC08-F293359134BA}.Debug|ARM.ActiveCfg = Debug|Any CPU
		{FF0D8B64-7637-4BE1-BC08-F293359134BA}.Debug|ARM.Build.0 = Debug|Any CPU
		{FF0D8B64-7637-4BE1-BC08-F293359134BA}.Debug|x64.ActiveCfg = Debug|Any CPU
		{FF0D8B64-7637-4BE1-BC08-F293359134BA}.Debug|x64.Build.0 = Debug|Any CPU
		{FF0D8B64-7637-4BE1-BC08-F293359134BA}.Debug|x86.ActiveCfg = Debug|Any CPU
		{FF0D8B64-7637-4BE1-BC08-F293359134BA}.Debug|x86.Build.0 = Debug|Any CPU
		{FF0D8B64-7637-4BE1-BC08-F293359134BA}.Release|Any CPU.ActiveCfg = Release|Any CPU
		{FF0D8B64-7637-4BE1-BC08-F293359134BA}.Release|Any CPU.Build.0 = Release|Any CPU
		{FF0D8B64-7637-4BE1-BC08-F293359134BA}.Release|ARM.ActiveCfg = Release|Any CPU
		{FF0D8B64-7637-4BE1-BC08-F293359134BA}.Release|ARM.Build.0 = Release|Any CPU
		{FF0D8B64-7637-4BE1-BC08-F293359134BA}.Release|x64.ActiveCfg = Release|Any CPU
		{FF0D8B64-7637-4BE1-BC08-F293359134BA}.Release|x64.Build.0 = Release|Any CPU
		{FF0D8B64-7637-4BE1-BC08-F293359134BA}.Release|x86.ActiveCfg = Release|Any CPU
		{FF0D8B64-7637-4BE1-BC08-F293359134BA}.Release|x86.Build.0 = Release|Any CPU
		{BF2AF84D-61A5-49A3-9412-227BC3922268}.Debug|Any CPU.ActiveCfg = Debug|Any CPU
		{BF2AF84D-61A5-49A3-9412-227BC3922268}.Debug|Any CPU.Build.0 = Debug|Any CPU
		{BF2AF84D-61A5-49A3-9412-227BC3922268}.Debug|ARM.ActiveCfg = Debug|Any CPU
		{BF2AF84D-61A5-49A3-9412-227BC3922268}.Debug|ARM.Build.0 = Debug|Any CPU
		{BF2AF84D-61A5-49A3-9412-227BC3922268}.Debug|x64.ActiveCfg = Debug|Any CPU
		{BF2AF84D-61A5-49A3-9412-227BC3922268}.Debug|x64.Build.0 = Debug|Any CPU
		{BF2AF84D-61A5-49A3-9412-227BC3922268}.Debug|x86.ActiveCfg = Debug|Any CPU
		{BF2AF84D-61A5-49A3-9412-227BC3922268}.Debug|x86.Build.0 = Debug|Any CPU
		{BF2AF84D-61A5-49A3-9412-227BC3922268}.Release|Any CPU.ActiveCfg = Release|Any CPU
		{BF2AF84D-61A5-49A3-9412-227BC3922268}.Release|Any CPU.Build.0 = Release|Any CPU
		{BF2AF84D-61A5-49A3-9412-227BC3922268}.Release|ARM.ActiveCfg = Release|Any CPU
		{BF2AF84D-61A5-49A3-9412-227BC3922268}.Release|ARM.Build.0 = Release|Any CPU
		{BF2AF84D-61A5-49A3-9412-227BC3922268}.Release|x64.ActiveCfg = Release|Any CPU
		{BF2AF84D-61A5-49A3-9412-227BC3922268}.Release|x64.Build.0 = Release|Any CPU
		{BF2AF84D-61A5-49A3-9412-227BC3922268}.Release|x86.ActiveCfg = Release|Any CPU
		{BF2AF84D-61A5-49A3-9412-227BC3922268}.Release|x86.Build.0 = Release|Any CPU
		{FA153AF9-DF53-4BC0-A78D-4BF228BB869C}.Debug|Any CPU.ActiveCfg = Debug|Any CPU
		{FA153AF9-DF53-4BC0-A78D-4BF228BB869C}.Debug|Any CPU.Build.0 = Debug|Any CPU
		{FA153AF9-DF53-4BC0-A78D-4BF228BB869C}.Debug|ARM.ActiveCfg = Debug|Any CPU
		{FA153AF9-DF53-4BC0-A78D-4BF228BB869C}.Debug|ARM.Build.0 = Debug|Any CPU
		{FA153AF9-DF53-4BC0-A78D-4BF228BB869C}.Debug|x64.ActiveCfg = Debug|Any CPU
		{FA153AF9-DF53-4BC0-A78D-4BF228BB869C}.Debug|x64.Build.0 = Debug|Any CPU
		{FA153AF9-DF53-4BC0-A78D-4BF228BB869C}.Debug|x86.ActiveCfg = Debug|Any CPU
		{FA153AF9-DF53-4BC0-A78D-4BF228BB869C}.Debug|x86.Build.0 = Debug|Any CPU
		{FA153AF9-DF53-4BC0-A78D-4BF228BB869C}.Release|Any CPU.ActiveCfg = Release|Any CPU
		{FA153AF9-DF53-4BC0-A78D-4BF228BB869C}.Release|Any CPU.Build.0 = Release|Any CPU
		{FA153AF9-DF53-4BC0-A78D-4BF228BB869C}.Release|ARM.ActiveCfg = Release|Any CPU
		{FA153AF9-DF53-4BC0-A78D-4BF228BB869C}.Release|ARM.Build.0 = Release|Any CPU
		{FA153AF9-DF53-4BC0-A78D-4BF228BB869C}.Release|x64.ActiveCfg = Release|Any CPU
		{FA153AF9-DF53-4BC0-A78D-4BF228BB869C}.Release|x64.Build.0 = Release|Any CPU
		{FA153AF9-DF53-4BC0-A78D-4BF228BB869C}.Release|x86.ActiveCfg = Release|Any CPU
		{FA153AF9-DF53-4BC0-A78D-4BF228BB869C}.Release|x86.Build.0 = Release|Any CPU
		{6EFD53A5-5A3C-488F-8FF5-684B36A55030}.Debug|Any CPU.ActiveCfg = Debug|Any CPU
		{6EFD53A5-5A3C-488F-8FF5-684B36A55030}.Debug|Any CPU.Build.0 = Debug|Any CPU
		{6EFD53A5-5A3C-488F-8FF5-684B36A55030}.Debug|ARM.ActiveCfg = Debug|Any CPU
		{6EFD53A5-5A3C-488F-8FF5-684B36A55030}.Debug|ARM.Build.0 = Debug|Any CPU
		{6EFD53A5-5A3C-488F-8FF5-684B36A55030}.Debug|x64.ActiveCfg = Debug|Any CPU
		{6EFD53A5-5A3C-488F-8FF5-684B36A55030}.Debug|x64.Build.0 = Debug|Any CPU
		{6EFD53A5-5A3C-488F-8FF5-684B36A55030}.Debug|x86.ActiveCfg = Debug|Any CPU
		{6EFD53A5-5A3C-488F-8FF5-684B36A55030}.Debug|x86.Build.0 = Debug|Any CPU
		{6EFD53A5-5A3C-488F-8FF5-684B36A55030}.Release|Any CPU.ActiveCfg = Release|Any CPU
		{6EFD53A5-5A3C-488F-8FF5-684B36A55030}.Release|Any CPU.Build.0 = Release|Any CPU
		{6EFD53A5-5A3C-488F-8FF5-684B36A55030}.Release|ARM.ActiveCfg = Release|Any CPU
		{6EFD53A5-5A3C-488F-8FF5-684B36A55030}.Release|ARM.Build.0 = Release|Any CPU
		{6EFD53A5-5A3C-488F-8FF5-684B36A55030}.Release|x64.ActiveCfg = Release|Any CPU
		{6EFD53A5-5A3C-488F-8FF5-684B36A55030}.Release|x64.Build.0 = Release|Any CPU
		{6EFD53A5-5A3C-488F-8FF5-684B36A55030}.Release|x86.ActiveCfg = Release|Any CPU
		{6EFD53A5-5A3C-488F-8FF5-684B36A55030}.Release|x86.Build.0 = Release|Any CPU
		{C037E47C-ECBD-4559-97C8-6E577F2DE776}.Debug|Any CPU.ActiveCfg = Debug|Any CPU
		{C037E47C-ECBD-4559-97C8-6E577F2DE776}.Debug|Any CPU.Build.0 = Debug|Any CPU
		{C037E47C-ECBD-4559-97C8-6E577F2DE776}.Debug|ARM.ActiveCfg = Debug|Any CPU
		{C037E47C-ECBD-4559-97C8-6E577F2DE776}.Debug|ARM.Build.0 = Debug|Any CPU
		{C037E47C-ECBD-4559-97C8-6E577F2DE776}.Debug|x64.ActiveCfg = Debug|Any CPU
		{C037E47C-ECBD-4559-97C8-6E577F2DE776}.Debug|x64.Build.0 = Debug|Any CPU
		{C037E47C-ECBD-4559-97C8-6E577F2DE776}.Debug|x86.ActiveCfg = Debug|Any CPU
		{C037E47C-ECBD-4559-97C8-6E577F2DE776}.Debug|x86.Build.0 = Debug|Any CPU
		{C037E47C-ECBD-4559-97C8-6E577F2DE776}.Release|Any CPU.ActiveCfg = Release|Any CPU
		{C037E47C-ECBD-4559-97C8-6E577F2DE776}.Release|Any CPU.Build.0 = Release|Any CPU
		{C037E47C-ECBD-4559-97C8-6E577F2DE776}.Release|ARM.ActiveCfg = Release|Any CPU
		{C037E47C-ECBD-4559-97C8-6E577F2DE776}.Release|ARM.Build.0 = Release|Any CPU
		{C037E47C-ECBD-4559-97C8-6E577F2DE776}.Release|x64.ActiveCfg = Release|Any CPU
		{C037E47C-ECBD-4559-97C8-6E577F2DE776}.Release|x64.Build.0 = Release|Any CPU
		{C037E47C-ECBD-4559-97C8-6E577F2DE776}.Release|x86.ActiveCfg = Release|Any CPU
		{C037E47C-ECBD-4559-97C8-6E577F2DE776}.Release|x86.Build.0 = Release|Any CPU
	EndGlobalSection
	GlobalSection(SolutionProperties) = preSolution
		HideSolutionNode = FALSE
	EndGlobalSection
	GlobalSection(NestedProjects) = preSolution
		{06219CAD-E85E-48E2-A216-2539805A9EE8} = {6B2DF54F-0088-465C-958A-3F7B4013761E}
		{14C3EE6A-54A4-4A37-8B56-D52A3802F1C2} = {6B2DF54F-0088-465C-958A-3F7B4013761E}
		{29ACD866-A6F0-4080-9557-1F39A889C4F4} = {EB7608BE-93D5-45D4-B6E7-89CB585E93C1}
		{AF963D93-8B93-4513-B2CA-100E424DDD24} = {EB7608BE-93D5-45D4-B6E7-89CB585E93C1}
		{14DD651E-CA01-4AD5-83EE-8BDD5ECED6D5} = {EB7608BE-93D5-45D4-B6E7-89CB585E93C1}
		{FF0D8B64-7637-4BE1-BC08-F293359134BA} = {EB7608BE-93D5-45D4-B6E7-89CB585E93C1}
		{BF2AF84D-61A5-49A3-9412-227BC3922268} = {6B2DF54F-0088-465C-958A-3F7B4013761E}
		{FA153AF9-DF53-4BC0-A78D-4BF228BB869C} = {EB7608BE-93D5-45D4-B6E7-89CB585E93C1}
	EndGlobalSection
	GlobalSection(TeamFoundationVersionControl) = preSolution
		SccNumberOfProjects = 14
		SccEnterpriseProvider = {4CA58AB2-18FA-4F8D-95D4-32DDF27D184C}
		SccTeamFoundationServer = https://enginkirmaci.visualstudio.com/defaultcollection
		SccLocalPath0 = .
		SccProjectUniqueName1 = Haberler\\Haberler.csproj
		SccProjectName1 = Haberler
		SccLocalPath1 = Haberler
		SccProjectUniqueName2 = ..\\Open\u0020Source\\ReadSharp-master\\ReadSharp\\ReadSharp.csproj
		SccProjectTopLevelParentUniqueName2 = Haberler.sln
		SccProjectName2 = ../Open\u0020Source/ReadSharp-master/ReadSharp
		SccLocalPath2 = ..\\Open\u0020Source\\ReadSharp-master\\ReadSharp
		SccProjectUniqueName3 = ..\\Open\u0020Source\\ReadSharp-master\\PortablePorts\\NReadability\\NReadability.csproj
		SccProjectTopLevelParentUniqueName3 = Haberler.sln
		SccProjectName3 = ../Open\u0020Source/ReadSharp-master/PortablePorts/NReadability
		SccLocalPath3 = ..\\Open\u0020Source\\ReadSharp-master\\PortablePorts\\NReadability
		SccProjectUniqueName4 = Haberler.Common\\Haberler.Common.csproj
		SccProjectName4 = Haberler.Common
		SccLocalPath4 = Haberler.Common
		SccProjectUniqueName5 = Haberler.BackgroundTasks\\Haberler.BackgroundTasks.csproj
		SccProjectName5 = Haberler.BackgroundTasks
		SccLocalPath5 = Haberler.BackgroundTasks
		SccProjectUniqueName6 = ..\\Library10\\Library10.Core\\Library10.Core.csproj
		SccProjectTopLevelParentUniqueName6 = Haberler.sln
		SccProjectName6 = ../Library10/Library10.Core
		SccLocalPath6 = ..\\Library10\\Library10.Core
		SccProjectUniqueName7 = ..\\Library10\\Library10.Common\\Library10.Common.csproj
		SccProjectTopLevelParentUniqueName7 = Haberler.sln
		SccProjectName7 = ../Library10/Library10.Common
		SccLocalPath7 = ..\\Library10\\Library10.Common
		SccProjectUniqueName8 = ..\\Library10\\Library10.Net\\Library10.Net.csproj
		SccProjectTopLevelParentUniqueName8 = Haberler.sln
		SccProjectName8 = ../Library10/Library10.Net
		SccLocalPath8 = ..\\Library10\\Library10.Net
		SccProjectUniqueName9 = ..\\Library10\\Library10.Encodings\\Library10.Encodings.csproj
		SccProjectTopLevelParentUniqueName9 = Haberler.sln
		SccProjectName9 = ../Library10/Library10.Encodings
		SccLocalPath9 = ..\\Library10\\Library10.Encodings
		SccProjectUniqueName10 = ..\\Open\u0020Source\\HtmlAgilityPack-PCL-master\\HtmlAgilityPack-PCL\\HtmlAgilityPack-PCL.csproj
		SccProjectTopLevelParentUniqueName10 = Haberler.sln
		SccProjectName10 = ../Open\u0020Source/HtmlAgilityPack-PCL-master/HtmlAgilityPack-PCL
		SccLocalPath10 = ..\\Open\u0020Source\\HtmlAgilityPack-PCL-master\\HtmlAgilityPack-PCL
		SccProjectUniqueName11 = ..\\Library10\\Library10.Serializers\\Library10.Serializers.csproj
		SccProjectTopLevelParentUniqueName11 = Haberler.sln
		SccProjectName11 = ../Library10/Library10.Serializers
		SccLocalPath11 = ..\\Library10\\Library10.Serializers
		SccProjectUniqueName12 = Haberler.SourceTool\\Haberler.SourceTool.csproj
		SccProjectName12 = Haberler.SourceTool
		SccLocalPath12 = Haberler.SourceTool
		SccProjectUniqueName13 = Haberler.Services\\Haberler.Services.csproj
		SccProjectName13 = Haberler.Services
		SccLocalPath13 = Haberler.Services
	EndGlobalSection
EndGlobal
